
Microsoft Visual Studio Solution File, Format Version 12.00
# Visual Studio Version 16
VisualStudioVersion = 16.0.29519.181
MinimumVisualStudioVersion = 10.0.40219.1
Project("{FAE04EC0-301F-11D3-BF4B-00C04F79EFBC}") = "GraduationProjct", "GraduationProjct.csproj", "{20793FDC-BC6E-4A24-B0C9-2D0FD52B3FCD}"
EndProject
Global
	GlobalSection(SolutionConfigurationPlatforms) = preSolution
		Debug|Any CPU = Debug|Any CPU
		Release|Any CPU = Release|Any CPU
	EndGlobalSection
	GlobalSection(ProjectConfigurationPlatforms) = postSolution
		{20793FDC-BC6E-4A24-B0C9-2D0FD52B3FCD}.Debug|Any CPU.ActiveCfg = Debug|Any CPU
		{20793FDC-BC6E-4A24-B0C9-2D0FD52B3FCD}.Debug|Any CPU.Build.0 = Debug|Any CPU
		{20793FDC-BC6E-4A24-B0C9-2D0FD52B3FCD}.Release|Any CPU.ActiveCfg = Release|Any CPU
		{20793FDC-BC6E-4A24-B0C9-2D0FD52B3FCD}.Release|Any CPU.Build.0 = Release|Any CPU
	EndGlobalSection
	GlobalSection(SolutionProperties) = preSolution
		HideSolutionNode = FALSE
	EndGlobalSection
	GlobalSection(ExtensibilityGlobals) = postSolution
		SolutionGuid = {83A941AF-204A-4514-A146-35ED47C2C887}
	EndGlobalSection
EndGlobal
